PODS:
  - Alamofire (4.7.2)
  - Nimble (7.1.2)
  - Quick (1.3.0)
  - R.swift (4.0.0):
    - R.swift.Library (~> 4.0.0)
  - R.swift.Library (4.0.0)
  - RxAlamofire (4.2.0):
    - RxAlamofire/Core (= 4.2.0)
  - RxAlamofire/Core (4.2.0):
    - Alamofire (~> 4.5)
    - RxSwift (~> 4)
  - RxAnimated (0.4.1):
    - RxAnimated/Core (= 0.4.1)
    - RxCocoa (~> 4.0)
    - RxSwift (~> 4.0)
  - RxAnimated/Core (0.4.1):
    - RxCocoa (~> 4.0)
    - RxSwift (~> 4.0)
  - RxCocoa (4.2.0):
    - RxSwift (~> 4.0)
  - RxStarscream (0.9):
    - RxCocoa (~> 4.0)
    - RxSwift (~> 4.0)
    - Starscream (~> 3.0)
  - RxSwift (4.2.0)
  - RxSwiftExt (3.2.0):
    - RxSwiftExt/Core (= 3.2.0)
  - RxSwiftExt/Core (3.2.0):
    - RxSwift (~> 4.0)
  - Starscream (3.0.5)
  - youtube-ios-player-helper (0.1.6)
  - YouTubePlayer (0.4.0)

DEPENDENCIES:
  - Alamofire
  - Nimble
  - Quick
  - R.swift
  - RxAlamofire
  - RxAnimated
  - RxCocoa
  - RxStarscream
  - RxSwift
  - RxSwiftExt
  - Starscream
  - youtube-ios-player-helper
  - YouTubePlayer

SPEC REPOS:
  https://github.com/cocoapods/specs.git:
    - Alamofire
    - Nimble
    - Quick
    - R.swift
    - R.swift.Library
    - RxAlamofire
    - RxAnimated
    - RxCocoa
    - RxStarscream
    - RxSwift
    - RxSwiftExt
    - Starscream
    - youtube-ios-player-helper
    - YouTubePlayer

SPEC CHECKSUMS:
  Alamofire: e4fa87002c137ba2d8d634d2c51fabcda0d5c223
  Nimble: 3835ba9f459daa6b347f8a8e110aaae8ca1920a8
  Quick: 03278013f71aa05fe9ecabc94fbcc6835f1ee76f
  R.swift: d6a5ec2f55a8441dc0ed9f1f8b37d7d11ae85c66
  R.swift.Library: c3af34921024333546e23b70e70d0b4e0cffca75
  RxAlamofire: 87a9c588541210cc3e4a1f843ccc3ecf3eb98b31
  RxAnimated: 8b3142830a60840ebed5755d33b9c88ad5a1647c
  RxCocoa: 0b54909c902e1e581212a03e690bbd94032d8baa
  RxStarscream: 8f3a9d2e6e03dbc136f29b1db9874fc3478c991b
  RxSwift: 99e10317ddfcc7fbe01356aafd118fde4a0be104
  RxSwiftExt: 64b7140124629a6a084159735f3714f0fb1c61d6
  Starscream: faf918b2f2eff7d5dd21180646bf015a669673bd
  youtube-ios-player-helper: 21ab92db027c7ff86cb17a3843a3f6eafc8158d2
  YouTubePlayer: 028451f6772f372d4759866db99824c676ac1473

PODFILE CHECKSUM: 23f691052b6d102c0b35d47f4fb723bf12c74b2d

COCOAPODS: 1.5.3
